[root]
name = "regression"
version = "0.1.0"
dependencies = [
 "futures 0.1.14 (registry+https://github.com/rust-lang/crates.io-index)",
 "owning_ref 0.3.3 (registry+https://github.com/rust-lang/crates.io-index)",
]

[[package]]
name = "futures"
version = "0.1.14"
source = "registry+https://github.com/rust-lang/crates.io-index"

[[package]]
name = "owning_ref"
version = "0.3.3"
source = "registry+https://github.com/rust-lang/crates.io-index"
dependencies = [
 "stable_deref_trait 1.0.0 (registry+https://github.com/rust-lang/crates.io-index)",
]

[[package]]
name = "stable_deref_trait"
version = "1.0.0"
source = "registry+https://github.com/rust-lang/crates.io-index"

[metadata]
"checksum futures 0.1.14 (registry+https://github.com/rust-lang/crates.io-index)" = "4b63a4792d4f8f686defe3b39b92127fea6344de5d38202b2ee5a11bbbf29d6a"
"checksum owning_ref 0.3.3 (registry+https://github.com/rust-lang/crates.io-index)" = "cdf84f41639e037b484f93433aa3897863b561ed65c6e59c7073d7c561710f37"
"checksum stable_deref_trait 1.0.0 (registry+https://github.com/rust-lang/crates.io-index)" = "15132e0e364248108c5e2c02e3ab539be8d6f5d52a01ca9bbf27ed657316f02b"
